
Microsoft Visual Studio Solution File, Format Version 12.00
# Visual Studio Version 16
VisualStudioVersion = 16.0.31911.196
MinimumVisualStudioVersion = 10.0.40219.1
Project("{FAE04EC0-301F-11D3-BF4B-00C04F79EFBC}") = "cadastroLivrosApi", "cadastroLivrosApi\cadastroLivrosApi.csproj", "{BE3959AE-8601-4538-BE19-865BEA13AF23}"
EndProject
Global
	GlobalSection(SolutionConfigurationPlatforms) = preSolution
		Debug|Any CPU = Debug|Any CPU
		Release|Any CPU = Release|Any CPU
	EndGlobalSection
	GlobalSection(ProjectConfigurationPlatforms) = postSolution
		{BE3959AE-8601-4538-BE19-865BEA13AF23}.Debug|Any CPU.ActiveCfg = Debug|Any CPU
		{BE3959AE-8601-4538-BE19-865BEA13AF23}.Debug|Any CPU.Build.0 = Debug|Any CPU
		{BE3959AE-8601-4538-BE19-865BEA13AF23}.Release|Any CPU.ActiveCfg = Release|Any CPU
		{BE3959AE-8601-4538-BE19-865BEA13AF23}.Release|Any CPU.Build.0 = Release|Any CPU
	EndGlobalSection
	GlobalSection(SolutionProperties) = preSolution
		HideSolutionNode = FALSE
	EndGlobalSection
	GlobalSection(ExtensibilityGlobals) = postSolution
		SolutionGuid = {1AC9E13E-C302-4BE5-BBBF-8B73B4365342}
	EndGlobalSection
EndGlobal
